{
  "name": "async-resolve",
  "version": "0.3.1",
  "dependencies": {
    "lodash": {
      "version": "2.4.1",
      "from": "lodash@2.4.1",
      "resolved": "https://registry.npmjs.org/lodash/-/lodash-2.4.1.tgz"
    },
    "async-cache": {
      "version": "0.1.5",
      "from": "async-cache@0.1.5",
      "resolved": "https://registry.npmjs.org/async-cache/-/async-cache-0.1.5.tgz",
      "dependencies": {
        "lru-cache": {
          "version": "2.3.1",
          "from": "lru-cache@2.3.1"
        }
      }
    }
  }
}
